
Microsoft Visual Studio Solution File, Format Version 12.00
# Visual Studio 15
VisualStudioVersion = 15.0.28307.421
MinimumVisualStudioVersion = 10.0.40219.1
Project("{9A19103F-16F7-4668-BE54-9A1E7A4F7556}") = "AtoK", "AtoK\AtoK.csproj", "{3EABB129-3AC1-4A38-9552-69D394674C09}"
EndProject
Project("{2150E333-8FDC-42A3-9474-1A3956D46DE8}") = "Solution Items", "Solution Items", "{8E17EF43-9C1B-4A0C-984A-986F5E2E1421}"
	ProjectSection(SolutionItems) = preProject
		plane.png = plane.png
		README.md = README.md
	EndProjectSection
EndProject
Global
	GlobalSection(SolutionConfigurationPlatforms) = preSolution
		Debug|Any CPU = Debug|Any CPU
		Release|Any CPU = Release|Any CPU
	EndGlobalSection
	GlobalSection(ProjectConfigurationPlatforms) = postSolution
		{3EABB129-3AC1-4A38-9552-69D394674C09}.Debug|Any CPU.ActiveCfg = Debug|Any CPU
		{3EABB129-3AC1-4A38-9552-69D394674C09}.Debug|Any CPU.Build.0 = Debug|Any CPU
		{3EABB129-3AC1-4A38-9552-69D394674C09}.Release|Any CPU.ActiveCfg = Release|Any CPU
		{3EABB129-3AC1-4A38-9552-69D394674C09}.Release|Any CPU.Build.0 = Release|Any CPU
	EndGlobalSection
	GlobalSection(SolutionProperties) = preSolution
		HideSolutionNode = FALSE
	EndGlobalSection
	GlobalSection(ExtensibilityGlobals) = postSolution
		SolutionGuid = {DE79860A-BBA7-4706-AC25-DD7652294C81}
	EndGlobalSection
EndGlobal
